
Microsoft Visual Studio Solution File, Format Version 12.00
# Visual Studio Version 17
VisualStudioVersion = 17.6.33829.357
MinimumVisualStudioVersion = 10.0.40219.1
Project("{FAE04EC0-301F-11D3-BF4B-00C04F79EFBC}") = "screen_shoot_app", "screen_shoot_app\screen_shoot_app.csproj", "{A0562E77-A0F8-4A99-AC95-A19EA8B52E71}"
EndProject
Global
	GlobalSection(SolutionConfigurationPlatforms) = preSolution
		Debug|Any CPU = Debug|Any CPU
		Release|Any CPU = Release|Any CPU
	EndGlobalSection
	GlobalSection(ProjectConfigurationPlatforms) = postSolution
		{A0562E77-A0F8-4A99-AC95-A19EA8B52E71}.Debug|Any CPU.ActiveCfg = Debug|Any CPU
		{A0562E77-A0F8-4A99-AC95-A19EA8B52E71}.Debug|Any CPU.Build.0 = Debug|Any CPU
		{A0562E77-A0F8-4A99-AC95-A19EA8B52E71}.Release|Any CPU.ActiveCfg = Release|Any CPU
		{A0562E77-A0F8-4A99-AC95-A19EA8B52E71}.Release|Any CPU.Build.0 = Release|Any CPU
	EndGlobalSection
	GlobalSection(SolutionProperties) = preSolution
		HideSolutionNode = FALSE
	EndGlobalSection
	GlobalSection(ExtensibilityGlobals) = postSolution
		SolutionGuid = {185807EF-E1EE-4D99-894B-41DCB14DE0E9}
	EndGlobalSection
EndGlobal
